// !$*UTF8*$!
{
	archiveVersion = 1;
	classes = {
	};
	objectVersion = 46;
	objects = {

/* Begin PBXBuildFile section */
		402FB3E71E053FD10092AB30 /* APIService.swift in Sources */ = {isa = PBXBuildFile; fileRef = 402FB3E61E053FD10092AB30 /* APIService.swift */; };
		402FB3E91E053FF60092AB30 /* Video.swift in Sources */ = {isa = PBXBuildFile; fileRef = 402FB3E81E053FF60092AB30 /* Video.swift */; };
		402FB3EB1E0540CB0092AB30 /* SettingCell.swift in Sources */ = {isa = PBXBuildFile; fileRef = 402FB3EA1E0540CB0092AB30 /* SettingCell.swift */; };
		402FB3ED1E0541100092AB30 /* FeedCell.swift in Sources */ = {isa = PBXBuildFile; fileRef = 402FB3EC1E0541100092AB30 /* FeedCell.swift */; };
		402FB3EF1E05412E0092AB30 /* TrendingCell.swift in Sources */ = {isa = PBXBuildFile; fileRef = 402FB3EE1E05412E0092AB30 /* TrendingCell.swift */; };
		402FB3F11E0541530092AB30 /* SubscriptionCell.swift in Sources */ = {isa = PBXBuildFile; fileRef = 402FB3F01E0541530092AB30 /* SubscriptionCell.swift */; };
		402FB3F31E05419D0092AB30 /* VideoLauncher.swift in Sources */ = {isa = PBXBuildFile; fileRef = 402FB3F21E05419D0092AB30 /* VideoLauncher.swift */; };
		402FB3F51E05421D0092AB30 /* SettingsLauncher.swift in Sources */ = {isa = PBXBuildFile; fileRef = 402FB3F41E05421D0092AB30 /* SettingsLauncher.swift */; };
		40C85D701DA5643900CC9D90 /* AppDelegate.swift in Sources */ = {isa = PBXBuildFile; fileRef = 40C85D6F1DA5643900CC9D90 /* AppDelegate.swift */; };
		40C85D721DA5643900CC9D90 /* HomeViewController.swift in Sources */ = {isa = PBXBuildFile; fileRef = 40C85D711DA5643900CC9D90 /* HomeViewController.swift */; };
		40C85D771DA5643900CC9D90 /* Assets.xcassets in Resources */ = {isa = PBXBuildFile; fileRef = 40C85D761DA5643900CC9D90 /* Assets.xcassets */; };
		40C85D7A1DA5643900CC9D90 /* LaunchScreen.storyboard in Resources */ = {isa = PBXBuildFile; fileRef = 40C85D781DA5643900CC9D90 /* LaunchScreen.storyboard */; };
		40F62E521DAA28A500E5B0FC /* Extensions.swift in Sources */ = {isa = PBXBuildFile; fileRef = 40F62E511DAA28A500E5B0FC /* Extensions.swift */; };
		40F62E541DAA2F0800E5B0FC /* VideoCell.swift in Sources */ = {isa = PBXBuildFile; fileRef = 40F62E531DAA2F0800E5B0FC /* VideoCell.swift */; };
		40F62E561DAA31F900E5B0FC /* MenuBar.swift in Sources */ = {isa = PBXBuildFile; fileRef = 40F62E551DAA31F900E5B0FC /* MenuBar.swift */; };
/* End PBXBuildFile section */

/* Begin PBXFileReference section */
		402FB3E61E053FD10092AB30 /* APIService.swift */ = {isa = PBXFileReference; fileEncoding = 4; lastKnownFileType = sourcecode.swift; path = APIService.swift; sourceTree = "<group>"; };
		402FB3E81E053FF60092AB30 /* Video.swift */ = {isa = PBXFileReference; fileEncoding = 4; lastKnownFileType = sourcecode.swift; path = Video.swift; sourceTree = "<group>"; };
		402FB3EA1E0540CB0092AB30 /* SettingCell.swift */ = {isa = PBXFileReference; fileEncoding = 4; lastKnownFileType = sourcecode.swift; path = SettingCell.swift; sourceTree = "<group>"; };
		402FB3EC1E0541100092AB30 /* FeedCell.swift */ = {isa = PBXFileReference; fileEncoding = 4; lastKnownFileType = sourcecode.swift; path = FeedCell.swift; sourceTree = "<group>"; };
		402FB3EE1E05412E0092AB30 /* TrendingCell.swift */ = {isa = PBXFileReference; fileEncoding = 4; lastKnownFileType = sourcecode.swift; path = TrendingCell.swift; sourceTree = "<group>"; };
		402FB3F01E0541530092AB30 /* SubscriptionCell.swift */ = {isa = PBXFileReference; fileEncoding = 4; lastKnownFileType = sourcecode.swift; path = SubscriptionCell.swift; sourceTree = "<group>"; };
		402FB3F21E05419D0092AB30 /* VideoLauncher.swift */ = {isa = PBXFileReference; fileEncoding = 4; lastKnownFileType = sourcecode.swift; path = VideoLauncher.swift; sourceTree = "<group>"; };
		402FB3F41E05421D0092AB30 /* SettingsLauncher.swift */ = {isa = PBXFileReference; fileEncoding = 4; lastKnownFileType = sourcecode.swift; path = SettingsLauncher.swift; sourceTree = "<group>"; };
		40C85D6C1DA5643900CC9D90 /* YouTube.app */ = {isa = PBXFileReference; explicitFileType = wrapper.application; includeInIndex = 0; path = YouTube.app; sourceTree = BUILT_PRODUCTS_DIR; };
		40C85D6F1DA5643900CC9D90 /* AppDelegate.swift */ = {isa = PBXFileReference; lastKnownFileType = sourcecode.swift; path = AppDelegate.swift; sourceTree = "<group>"; };
		40C85D711DA5643900CC9D90 /* HomeViewController.swift */ = {isa = PBXFileReference; lastKnownFileType = sourcecode.swift; path = HomeViewController.swift; sourceTree = "<group>"; };
		40C85D761DA5643900CC9D90 /* Assets.xcassets */ = {isa = PBXFileReference; lastKnownFileType = folder.assetcatalog; path = Assets.xcassets; sourceTree = "<group>"; };
		40C85D791DA5643900CC9D90 /* Base */ = {isa = PBXFileReference; lastKnownFileType = file.storyboard; name = Base; path = Base.lproj/LaunchScreen.storyboard; sourceTree = "<group>"; };
		40C85D7B1DA5643900CC9D90 /* Info.plist */ = {isa = PBXFileReference; lastKnownFileType = text.plist.xml; path = Info.plist; sourceTree = "<group>"; };
		40F62E511DAA28A500E5B0FC /* Extensions.swift */ = {isa = PBXFileReference; fileEncoding = 4; lastKnownFileType = sourcecode.swift; path = Extensions.swift; sourceTree = "<group>"; };
		40F62E531DAA2F0800E5B0FC /* VideoCell.swift */ = {isa = PBXFileReference; fileEncoding = 4; lastKnownFileType = sourcecode.swift; path = VideoCell.swift; sourceTree = "<group>"; };
		40F62E551DAA31F900E5B0FC /* MenuBar.swift */ = {isa = PBXFileReference; fileEncoding = 4; lastKnownFileType = sourcecode.swift; path = MenuBar.swift; sourceTree = "<group>"; };
/* End PBXFileReference section */

/* Begin PBXFrameworksBuildPhase section */
		40C85D691DA5643700CC9D90 /* Frameworks */ = {
			isa = PBXFrameworksBuildPhase;
			buildActionMask = 2147483647;
			files = (
			);
			runOnlyForDeploymentPostprocessing = 0;
		};
/* End PBXFrameworksBuildPhase section */

/* Begin PBXGroup section */
		402FB3E51E053FC00092AB30 /* APIService */ = {
			isa = PBXGroup;
			children = (
				402FB3E61E053FD10092AB30 /* APIService.swift */,
			);
			name = APIService;
			sourceTree = "<group>";
		};
		40C85D631DA5643700CC9D90 = {
			isa = PBXGroup;
			children = (
				40C85D6E1DA5643900CC9D90 /* YouTube */,
				40C85D6D1DA5643900CC9D90 /* Products */,
			);
			sourceTree = "<group>";
		};
		40C85D6D1DA5643900CC9D90 /* Products */ = {
			isa = PBXGroup;
			children = (
				40C85D6C1DA5643900CC9D90 /* YouTube.app */,
			);
			name = Products;
			sourceTree = "<group>";
		};
		40C85D6E1DA5643900CC9D90 /* YouTube */ = {
			isa = PBXGroup;
			children = (
				402FB3E51E053FC00092AB30 /* APIService */,
				40F62E501DAA289300E5B0FC /* Utils */,
				40F62E4E1DAA288400E5B0FC /* Model */,
				40F62E4D1DAA287C00E5B0FC /* View */,
				40F62E4C1DAA287400E5B0FC /* Controller */,
				40C85D6F1DA5643900CC9D90 /* AppDelegate.swift */,
				40C85D761DA5643900CC9D90 /* Assets.xcassets */,
				40C85D781DA5643900CC9D90 /* LaunchScreen.storyboard */,
				40C85D7B1DA5643900CC9D90 /* Info.plist */,
			);
			path = YouTube;
			sourceTree = "<group>";
		};
		40F62E4C1DAA287400E5B0FC /* Controller */ = {
			isa = PBXGroup;
			children = (
				40C85D711DA5643900CC9D90 /* HomeViewController.swift */,
				402FB3F41E05421D0092AB30 /* SettingsLauncher.swift */,
			);
			name = Controller;
			sourceTree = "<group>";
		};
		40F62E4D1DAA287C00E5B0FC /* View */ = {
			isa = PBXGroup;
			children = (
				40F62E531DAA2F0800E5B0FC /* VideoCell.swift */,
				40F62E551DAA31F900E5B0FC /* MenuBar.swift */,
				402FB3EA1E0540CB0092AB30 /* SettingCell.swift */,
				402FB3EC1E0541100092AB30 /* FeedCell.swift */,
				402FB3EE1E05412E0092AB30 /* TrendingCell.swift */,
				402FB3F01E0541530092AB30 /* SubscriptionCell.swift */,
			);
			name = View;
			sourceTree = "<group>";
		};
		40F62E4E1DAA288400E5B0FC /* Model */ = {
			isa = PBXGroup;
			children = (
				402FB3E81E053FF60092AB30 /* Video.swift */,
			);
			name = Model;
			sourceTree = "<group>";
		};
		40F62E501DAA289300E5B0FC /* Utils */ = {
			isa = PBXGroup;
			children = (
				40F62E511DAA28A500E5B0FC /* Extensions.swift */,
				402FB3F21E05419D0092AB30 /* VideoLauncher.swift */,
			);
			name = Utils;
			sourceTree = "<group>";
		};
/* End PBXGroup section */

/* Begin PBXNativeTarget section */
		40C85D6B1DA5643700CC9D90 /* YouTube */ = {
			isa = PBXNativeTarget;
			buildConfigurationList = 40C85D7E1DA5643900CC9D90 /* Build configuration list for PBXNativeTarget "YouTube" */;
			buildPhases = (
				40C85D681DA5643700CC9D90 /* Sources */,
				40C85D691DA5643700CC9D90 /* Frameworks */,
				40C85D6A1DA5643700CC9D90 /* Resources */,
			);
			buildRules = (
			);
			dependencies = (
			);
			name = YouTube;
			productName = YouTube;
			productReference = 40C85D6C1DA5643900CC9D90 /* YouTube.app */;
			productType = "com.apple.product-type.application";
		};
/* End PBXNativeTarget section */

/* Begin PBXProject section */
		40C85D641DA5643700CC9D90 /* Project object */ = {
			isa = PBXProject;
			attributes = {
				LastSwiftUpdateCheck = 0800;
				LastUpgradeCheck = 0820;
				ORGANIZATIONNAME = "Shivam Kapur";
				TargetAttributes = {
					40C85D6B1DA5643700CC9D90 = {
						CreatedOnToolsVersion = 8.0;
						DevelopmentTeam = 9957R92QLG;
						ProvisioningStyle = Automatic;
					};
				};
			};
			buildConfigurationList = 40C85D671DA5643700CC9D90 /* Build configuration list for PBXProject "YouTube" */;
			compatibilityVersion = "Xcode 3.2";
			developmentRegion = English;
			hasScannedForEncodings = 0;
			knownRegions = (
				en,
				Base,
			);
			mainGroup = 40C85D631DA5643700CC9D90;
			productRefGroup = 40C85D6D1DA5643900CC9D90 /* Products */;
			projectDirPath = "";
			projectRoot = "";
			targets = (
				40C85D6B1DA5643700CC9D90 /* YouTube */,
			);
		};
/* End PBXProject section */

/* Begin PBXResourcesBuildPhase section */
		40C85D6A1DA5643700CC9D90 /* Resources */ = {
			isa = PBXResourcesBuildPhase;
			buildActionMask = 2147483647;
			files = (
				40C85D7A1DA5643900CC9D90 /* LaunchScreen.storyboard in Resources */,
				40C85D771DA5643900CC9D90 /* Assets.xcassets in Resources */,
			);
			runOnlyForDeploymentPostprocessing = 0;
		};
/* End PBXResourcesBuildPhase section */

/* Begin PBXSourcesBuildPhase section */
		40C85D681DA5643700CC9D90 /* Sources */ = {
			isa = PBXSourcesBuildPhase;
			buildActionMask = 2147483647;
			files = (
				40C85D721DA5643900CC9D90 /* HomeViewController.swift in Sources */,
				40F62E541DAA2F0800E5B0FC /* VideoCell.swift in Sources */,
				402FB3EF1E05412E0092AB30 /* TrendingCell.swift in Sources */,
				402FB3F51E05421D0092AB30 /* SettingsLauncher.swift in Sources */,
				40F62E521DAA28A500E5B0FC /* Extensions.swift in Sources */,
				402FB3E91E053FF60092AB30 /* Video.swift in Sources */,
				40C85D701DA5643900CC9D90 /* AppDelegate.swift in Sources */,
				402FB3E71E053FD10092AB30 /* APIService.swift in Sources */,
				402FB3F31E05419D0092AB30 /* VideoLauncher.swift in Sources */,
				40F62E561DAA31F900E5B0FC /* MenuBar.swift in Sources */,
				402FB3EB1E0540CB0092AB30 /* SettingCell.swift in Sources */,
				402FB3ED1E0541100092AB30 /* FeedCell.swift in Sources */,
				402FB3F11E0541530092AB30 /* SubscriptionCell.swift in Sources */,
			);
			runOnlyForDeploymentPostprocessing = 0;
		};
/* End PBXSourcesBuildPhase section */

/* Begin PBXVariantGroup section */
		40C85D781DA5643900CC9D90 /* LaunchScreen.storyboard */ = {
			isa = PBXVariantGroup;
			children = (
				40C85D791DA5643900CC9D90 /* Base */,
			);
			name = LaunchScreen.storyboard;
			sourceTree = "<group>";
		};
/* End PBXVariantGroup section */

/* Begin XCBuildConfiguration section */
		40C85D7C1DA5643900CC9D90 /* Debug */ = {
			isa = XCBuildConfiguration;
			buildSettings = {
				ALWAYS_SEARCH_USER_PATHS = NO;
				CLANG_ANALYZER_NONNULL = YES;
				CLANG_CXX_LANGUAGE_STANDARD = "gnu++0x";
				CLANG_CXX_LIBRARY = "libc++";
				CLANG_ENABLE_MODULES = YES;
				CLANG_ENABLE_OBJC_ARC = YES;
				CLANG_WARN_BOOL_CONVERSION = YES;
				CLANG_WARN_CONSTANT_CONVERSION = YES;
				CLANG_WARN_DIRECT_OBJC_ISA_USAGE = YES_ERROR;
				CLANG_WARN_DOCUMENTATION_COMMENTS = YES;
				CLANG_WARN_EMPTY_BODY = YES;
				CLANG_WARN_ENUM_CONVERSION = YES;
				CLANG_WARN_INFINITE_RECURSION = YES;
				CLANG_WARN_INT_CONVERSION = YES;
				CLANG_WARN_OBJC_ROOT_CLASS = YES_ERROR;
				CLANG_WARN_SUSPICIOUS_MOVE = YES;
				CLANG_WARN_SUSPICIOUS_MOVES = YES;
				CLANG_WARN_UNREACHABLE_CODE = YES;
				CLANG_WARN__DUPLICATE_METHOD_MATCH = YES;
				"CODE_SIGN_IDENTITY[sdk=iphoneos*]" = "iPhone Developer";
				COPY_PHASE_STRIP = NO;
				DEBUG_INFORMATION_FORMAT = dwarf;
				ENABLE_STRICT_OBJC_MSGSEND = YES;
				ENABLE_TESTABILITY = YES;
				GCC_C_LANGUAGE_STANDARD = gnu99;
				GCC_DYNAMIC_NO_PIC = NO;
				GCC_NO_COMMON_BLOCKS = YES;
				GCC_OPTIMIZATION_LEVEL = 0;
				GCC_PREPROCESSOR_DEFINITIONS = (
					"DEBUG=1",
					"$(inherited)",
				);
				GCC_WARN_64_TO_32_BIT_CONVERSION = YES;
				GCC_WARN_ABOUT_RETURN_TYPE = YES_ERROR;
				GCC_WARN_UNDECLARED_SELECTOR = YES;
				GCC_WARN_UNINITIALIZED_AUTOS = YES_AGGRESSIVE;
				GCC_WARN_UNUSED_FUNCTION = YES;
				GCC_WARN_UNUSED_VARIABLE = YES;
				IPHONEOS_DEPLOYMENT_TARGET = 10.0;
				MTL_ENABLE_DEBUG_INFO = YES;
				ONLY_ACTIVE_ARCH = YES;
				SDKROOT = iphoneos;
				SWIFT_ACTIVE_COMPILATION_CONDITIONS = DEBUG;
				SWIFT_OPTIMIZATION_LEVEL = "-Onone";
				TARGETED_DEVICE_FAMILY = "1,2";
			};
			name = Debug;
		};
		40C85D7D1DA5643900CC9D90 /* Release */ = {
			isa = XCBuildConfiguration;
			buildSettings = {
				ALWAYS_SEARCH_USER_PATHS = NO;
				CLANG_ANALYZER_NONNULL = YES;
				CLANG_CXX_LANGUAGE_STANDARD = "gnu++0x";
				CLANG_CXX_LIBRARY = "libc++";
				CLANG_ENABLE_MODULES = YES;
				CLANG_ENABLE_OBJC_ARC = YES;
				CLANG_WARN_BOOL_CONVERSION = YES;
				CLANG_WARN_CONSTANT_CONVERSION = YES;
				CLANG_WARN_DIRECT_OBJC_ISA_USAGE = YES_ERROR;
				CLANG_WARN_DOCUMENTATION_COMMENTS = YES;
				CLANG_WARN_EMPTY_BODY = YES;
				CLANG_WARN_ENUM_CONVERSION = YES;
				CLANG_WARN_INFINITE_RECURSION = YES;
				CLANG_WARN_INT_CONVERSION = YES;
				CLANG_WARN_OBJC_ROOT_CLASS = YES_ERROR;
				CLANG_WARN_SUSPICIOUS_MOVE = YES;
				CLANG_WARN_SUSPICIOUS_MOVES = YES;
				CLANG_WARN_UNREACHABLE_CODE = YES;
				CLANG_WARN__DUPLICATE_METHOD_MATCH = YES;
				"CODE_SIGN_IDENTITY[sdk=iphoneos*]" = "iPhone Developer";
				COPY_PHASE_STRIP = NO;
				DEBUG_INFORMATION_FORMAT = "dwarf-with-dsym";
				ENABLE_NS_ASSERTIONS = NO;
				ENABLE_STRICT_OBJC_MSGSEND = YES;
				GCC_C_LANGUAGE_STANDARD = gnu99;
				GCC_NO_COMMON_BLOCKS = YES;
				GCC_WARN_64_TO_32_BIT_CONVERSION = YES;
				GCC_WARN_ABOUT_RETURN_TYPE = YES_ERROR;
				GCC_WARN_UNDECLARED_SELECTOR = YES;
				GCC_WARN_UNINITIALIZED_AUTOS = YES_AGGRESSIVE;
				GCC_WARN_UNUSED_FUNCTION = YES;
				GCC_WARN_UNUSED_VARIABLE = YES;
				IPHONEOS_DEPLOYMENT_TARGET = 10.0;
				MTL_ENABLE_DEBUG_INFO = NO;
				SDKROOT = iphoneos;
				SWIFT_OPTIMIZATION_LEVEL = "-Owholemodule";
				TARGETED_DEVICE_FAMILY = "1,2";
				VALIDATE_PRODUCT = YES;
			};
			name = Release;
		};
		40C85D7F1DA5643900CC9D90 /* Debug */ = {
			isa = XCBuildConfiguration;
			buildSettings = {
				ASSETCATALOG_COMPILER_APPICON_NAME = AppIcon;
				DEVELOPMENT_TEAM = 9957R92QLG;
				INFOPLIST_FILE = YouTube/Info.plist;
				LD_RUNPATH_SEARCH_PATHS = "$(inherited) @executable_path/Frameworks";
				PRODUCT_BUNDLE_IDENTIFIER = com.ShivamKapur.YouTube;
				PRODUCT_NAME = "$(TARGET_NAME)";
				SWIFT_VERSION = 3.0;
			};
			name = Debug;
		};
		40C85D801DA5643900CC9D90 /* Release */ = {
			isa = XCBuildConfiguration;
			buildSettings = {
				ASSETCATALOG_COMPILER_APPICON_NAME = AppIcon;
				DEVELOPMENT_TEAM = 9957R92QLG;
				INFOPLIST_FILE = YouTube/Info.plist;
				LD_RUNPATH_SEARCH_PATHS = "$(inherited) @executable_path/Frameworks";
				PRODUCT_BUNDLE_IDENTIFIER = com.ShivamKapur.YouTube;
				PRODUCT_NAME = "$(TARGET_NAME)";
				SWIFT_VERSION = 3.0;
			};
			name = Release;
		};
/* End XCBuildConfiguration section */

/* Begin XCConfigurationList section */
		40C85D671DA5643700CC9D90 /* Build configuration list for PBXProject "YouTube" */ = {
			isa = XCConfigurationList;
			buildConfigurations = (
				40C85D7C1DA5643900CC9D90 /* Debug */,
				40C85D7D1DA5643900CC9D90 /* Release */,
			);
			defaultConfigurationIsVisible = 0;
			defaultConfigurationName = Release;
		};
		40C85D7E1DA5643900CC9D90 /* Build configuration list for PBXNativeTarget "YouTube" */ = {
			isa = XCConfigurationList;
			buildConfigurations = (
				40C85D7F1DA5643900CC9D90 /* Debug */,
				40C85D801DA5643900CC9D90 /* Release */,
			);
			defaultConfigurationIsVisible = 0;
			defaultConfigurationName = Release;
		};
/* End XCConfigurationList section */
	};
	rootObject = 40C85D641DA5643700CC9D90 /* Project object */;
}
